Microsoft Visual Studio Solution File, Format Version 12.00
# Visual Studio Version 17
VisualStudioVersion = 17.5.2.0
MinimumVisualStudioVersion = 10.0.40219.1
Project("{2150E333-8FDC-42A3-9474-1A3956D46DE8}") = "services", "services", "{5854FF58-B8C5-05C6-5BF2-ACE42193F22B}"
EndProject
Project("{FAE04EC0-301F-11D3-BF4B-00C04F79EFBC}") = "NetService", "services\main-service\NetService.csproj", "{37A87EB1-F832-0634-23D9-EB609F627DCD}"
EndProject
Global
	GlobalSection(SolutionConfigurationPlatforms) = preSolution
		Debug|Any CPU = Debug|Any CPU
		Release|Any CPU = Release|Any CPU
	EndGlobalSection
	GlobalSection(ProjectConfigurationPlatforms) = postSolution
		{37A87EB1-F832-0634-23D9-EB609F627DCD}.Debug|Any CPU.ActiveCfg = Debug|Any CPU
		{37A87EB1-F832-0634-23D9-EB609F627DCD}.Debug|Any CPU.Build.0 = Debug|Any CPU
		{37A87EB1-F832-0634-23D9-EB609F627DCD}.Release|Any CPU.ActiveCfg = Release|Any CPU
		{37A87EB1-F832-0634-23D9-EB609F627DCD}.Release|Any CPU.Build.0 = Release|Any CPU
	EndGlobalSection
	GlobalSection(SolutionProperties) = preSolution
		HideSolutionNode = FALSE
	EndGlobalSection
	GlobalSection(NestedProjects) = preSolution
		{37A87EB1-F832-0634-23D9-EB609F627DCD} = {5854FF58-B8C5-05C6-5BF2-ACE42193F22B}
	EndGlobalSection
	GlobalSection(ExtensibilityGlobals) = postSolution
		SolutionGuid = {32011E60-E6E3-4B29-9C31-2E22FE0F03E0}
	EndGlobalSection
EndGlobal
